<?xml version="1.0" encoding="UTF-8"?>
<CodeBlocks_project_file>
	<FileVersion major="1" minor="6"/>
	<Project>
		<Option title="clang_ast_visitor"/>
		<Option makefile_is_custom="1"/>
		<Option compiler="clang"/>
		<Option virtualFolders="CMake Files\;"/>
		<Build>
			<Target title="all">
				<Option working_dir="/home/karlosss/CLionProjects/IGen/clang_test"/>
				<Option type="4"/>
				<MakeCommands>
					<Build command="/usr/bin/make -f &quot;/home/karlosss/CLionProjects/IGen/clang_test/Makefile&quot;  VERBOSE=1 all"/>
					<CompileFile command="/usr/bin/make -f &quot;/home/karlosss/CLionProjects/IGen/clang_test/Makefile&quot;  VERBOSE=1 &quot;$file&quot;"/>
					<Clean command="/usr/bin/make -f &quot;/home/karlosss/CLionProjects/IGen/clang_test/Makefile&quot;  VERBOSE=1 clean"/>
					<DistClean command="/usr/bin/make -f &quot;/home/karlosss/CLionProjects/IGen/clang_test/Makefile&quot;  VERBOSE=1 clean"/>
				</MakeCommands>
			</Target>
			<Target title="rebuild_cache">
				<Option working_dir="/home/karlosss/CLionProjects/IGen/clang_test"/>
				<Option type="4"/>
				<MakeCommands>
					<Build command="/usr/bin/make -f &quot;/home/karlosss/CLionProjects/IGen/clang_test/Makefile&quot;  VERBOSE=1 rebuild_cache"/>
					<CompileFile command="/usr/bin/make -f &quot;/home/karlosss/CLionProjects/IGen/clang_test/Makefile&quot;  VERBOSE=1 &quot;$file&quot;"/>
					<Clean command="/usr/bin/make -f &quot;/home/karlosss/CLionProjects/IGen/clang_test/Makefile&quot;  VERBOSE=1 clean"/>
					<DistClean command="/usr/bin/make -f &quot;/home/karlosss/CLionProjects/IGen/clang_test/Makefile&quot;  VERBOSE=1 clean"/>
				</MakeCommands>
			</Target>
			<Target title="edit_cache">
				<Option working_dir="/home/karlosss/CLionProjects/IGen/clang_test"/>
				<Option type="4"/>
				<MakeCommands>
					<Build command="/usr/bin/make -f &quot;/home/karlosss/CLionProjects/IGen/clang_test/Makefile&quot;  VERBOSE=1 edit_cache"/>
					<CompileFile command="/usr/bin/make -f &quot;/home/karlosss/CLionProjects/IGen/clang_test/Makefile&quot;  VERBOSE=1 &quot;$file&quot;"/>
					<Clean command="/usr/bin/make -f &quot;/home/karlosss/CLionProjects/IGen/clang_test/Makefile&quot;  VERBOSE=1 clean"/>
					<DistClean command="/usr/bin/make -f &quot;/home/karlosss/CLionProjects/IGen/clang_test/Makefile&quot;  VERBOSE=1 clean"/>
				</MakeCommands>
			</Target>
			<Target title="clang_ast_visitor">
				<Option output="/home/karlosss/CLionProjects/IGen/clang_test/clang_ast_visitor" prefix_auto="0" extension_auto="0"/>
				<Option working_dir="/home/karlosss/CLionProjects/IGen/clang_test"/>
				<Option object_output="./"/>
				<Option type="1"/>
				<Option compiler="clang"/>
				<Compiler>
					<Add directory="/home/karlosss/CLionProjects/IGen/clang_test/../third-party/llvm-project-11.0.1/install/include"/>
				</Compiler>
				<MakeCommands>
					<Build command="/usr/bin/make -f &quot;/home/karlosss/CLionProjects/IGen/clang_test/Makefile&quot;  VERBOSE=1 clang_ast_visitor"/>
					<CompileFile command="/usr/bin/make -f &quot;/home/karlosss/CLionProjects/IGen/clang_test/Makefile&quot;  VERBOSE=1 &quot;$file&quot;"/>
					<Clean command="/usr/bin/make -f &quot;/home/karlosss/CLionProjects/IGen/clang_test/Makefile&quot;  VERBOSE=1 clean"/>
					<DistClean command="/usr/bin/make -f &quot;/home/karlosss/CLionProjects/IGen/clang_test/Makefile&quot;  VERBOSE=1 clean"/>
				</MakeCommands>
			</Target>
			<Target title="clang_ast_visitor/fast">
				<Option output="/home/karlosss/CLionProjects/IGen/clang_test/clang_ast_visitor" prefix_auto="0" extension_auto="0"/>
				<Option working_dir="/home/karlosss/CLionProjects/IGen/clang_test"/>
				<Option object_output="./"/>
				<Option type="1"/>
				<Option compiler="clang"/>
				<Compiler>
					<Add directory="/home/karlosss/CLionProjects/IGen/clang_test/../third-party/llvm-project-11.0.1/install/include"/>
				</Compiler>
				<MakeCommands>
					<Build command="/usr/bin/make -f &quot;/home/karlosss/CLionProjects/IGen/clang_test/Makefile&quot;  VERBOSE=1 clang_ast_visitor/fast"/>
					<CompileFile command="/usr/bin/make -f &quot;/home/karlosss/CLionProjects/IGen/clang_test/Makefile&quot;  VERBOSE=1 &quot;$file&quot;"/>
					<Clean command="/usr/bin/make -f &quot;/home/karlosss/CLionProjects/IGen/clang_test/Makefile&quot;  VERBOSE=1 clean"/>
					<DistClean command="/usr/bin/make -f &quot;/home/karlosss/CLionProjects/IGen/clang_test/Makefile&quot;  VERBOSE=1 clean"/>
				</MakeCommands>
			</Target>
		</Build>
		<Unit filename="/home/karlosss/CLionProjects/IGen/clang_test/ast.h">
			<Option target="clang_ast_visitor"/>
		</Unit>
		<Unit filename="/home/karlosss/CLionProjects/IGen/clang_test/ast_consumer.h">
			<Option target="clang_ast_visitor"/>
		</Unit>
		<Unit filename="/home/karlosss/CLionProjects/IGen/clang_test/ast_visitor.h">
			<Option target="clang_ast_visitor"/>
		</Unit>
		<Unit filename="/home/karlosss/CLionProjects/IGen/clang_test/basic_block.h">
			<Option target="clang_ast_visitor"/>
		</Unit>
		<Unit filename="/home/karlosss/CLionProjects/IGen/clang_test/clang.cpp">
			<Option target="clang_ast_visitor"/>
		</Unit>
		<Unit filename="/home/karlosss/CLionProjects/IGen/clang_test/clang.h">
			<Option target="clang_ast_visitor"/>
		</Unit>
		<Unit filename="/home/karlosss/CLionProjects/IGen/clang_test/frontend_action.h">
			<Option target="clang_ast_visitor"/>
		</Unit>
		<Unit filename="/home/karlosss/CLionProjects/IGen/clang_test/herbie_visitor.h">
			<Option target="clang_ast_visitor"/>
		</Unit>
		<Unit filename="/home/karlosss/CLionProjects/IGen/clang_test/no_segfault_visitor.h">
			<Option target="clang_ast_visitor"/>
		</Unit>
		<Unit filename="/home/karlosss/CLionProjects/IGen/clang_test/split_decl_and_def_visitor.h">
			<Option target="clang_ast_visitor"/>
		</Unit>
		<Unit filename="/home/karlosss/CLionProjects/IGen/clang_test/test.cpp">
			<Option target="clang_ast_visitor"/>
		</Unit>
		<Unit filename="/home/karlosss/CLionProjects/IGen/clang_test/utils.cpp">
			<Option target="clang_ast_visitor"/>
		</Unit>
		<Unit filename="/home/karlosss/CLionProjects/IGen/clang_test/utils.h">
			<Option target="clang_ast_visitor"/>
		</Unit>
		<Unit filename="/home/karlosss/CLionProjects/IGen/clang_test/var_info.cpp">
			<Option target="clang_ast_visitor"/>
		</Unit>
		<Unit filename="/home/karlosss/CLionProjects/IGen/clang_test/var_info.h">
			<Option target="clang_ast_visitor"/>
		</Unit>
		<Unit filename="/home/karlosss/CLionProjects/IGen/clang_test/CMakeLists.txt">
			<Option virtualFolder="CMake Files\"/>
		</Unit>
	</Project>
</CodeBlocks_project_file>
